# THIS IS AN AUTOGENERATED FILE. DO NOT EDIT THIS FILE DIRECTLY.
# yarn lockfile v1


"@types/prop-types@*":
  version "15.7.0"
  resolved "http://registry.npm.taobao.org/@types/prop-types/download/@types/prop-types-15.7.0.tgz#4c48fed958d6dcf9487195a0ef6456d5f6e0163a"
  integrity sha1-TEj+2VjW3PlIcZWg72RW1fbgFjo=

"@types/react-dom@^16.8.0":
  version "16.8.3"
  resolved "http://registry.npm.taobao.org/@types/react-dom/download/@types/react-dom-16.8.3.tgz#6131b7b6158bc7ed1925a3374b88b7c00481f0cb"
  integrity sha1-YTG3thWLx+0ZJaM3S4i3wASB8Ms=
  dependencies:
    "@types/react" "*"

"@types/react@*", "@types/react@^16.8.2":
  version "16.8.13"
  resolved "http://registry.npm.taobao.org/@types/react/download/@types/react-16.8.13.tgz#a82b15aad9ab91c40edca0d6889b7745ae24f053"
  integrity sha1-qCsVqtmrkcQO3KDWiJt3Ra4k8FM=
  dependencies:
    "@types/prop-types" "*"
    csstype "^2.2.0"

csstype@^2.2.0:
  version "2.6.3"
  resolved "http://registry.npm.taobao.org/csstype/download/csstype-2.6.3.tgz#b701e5968245bf9b08d54ac83d00b624e622a9fa"
  integrity sha1-twHlloJFv5sI1UrIPQC2JOYiqfo=

fast-deep-equal@^2.0.1:
  version "2.0.1"
  resolved "http://registry.npm.taobao.org/fast-deep-equal/download/fast-deep-equal-2.0.1.tgz#7b05218ddf9667bf7f370bf7fdb2cb15fdd0aa49"
  integrity sha1-ewUhjd+WZ79/Nwv3/bLLFf3Qqkk=

iant@^0.0.1-alpha14:
  version "0.0.1-alpha14"
  resolved "http://registry.npm.taobao.org/iant/download/iant-0.0.1-alpha14.tgz#62c8262d809fffead317e56c72a156a1028be252"
  integrity sha1-YsgmLYCf/+rTF+VscqFWoQKL4lI=
  dependencies:
    fast-deep-equal "^2.0.1"
    immer "^1.10.4"
    mitt "^1.1.3"
    prop-types "^15.7.2"

iflux@^4.0.0:
  version "4.0.0"
  resolved "http://registry.npm.taobao.org/iflux/download/iflux-4.0.0.tgz#0d8f05ab6c25afb56b4fc9f178a440a2f0034607"
  integrity sha1-DY8Fq2wlr7VrT8nxeKRAovADRgc=
  dependencies:
    fast-deep-equal "^2.0.1"
    immer "^2.1.5"
    mitt "^1.1.3"

immer@^1.10.4:
  version "1.12.1"
  resolved "http://registry.npm.taobao.org/immer/download/immer-1.12.1.tgz#40c6e5b292c00560836c2993bda3a24379d466f5"
  integrity sha1-QMblspLABWCDbCmTvaOiQ3nUZvU=

immer@^2.1.5:
  version "2.1.5"
  resolved "http://registry.npm.taobao.org/immer/download/immer-2.1.5.tgz?cache=0&other_urls=http%3A%2F%2Fregistry.npm.taobao.org%2Fimmer%2Fdownload%2Fimmer-2.1.5.tgz#0389947455c5a2c7a47f1e6f415c9d1a62a1ebed"
  integrity sha1-A4mUdFXFosekfx5vQVydGmKh6+0=

"js-tokens@^3.0.0 || ^4.0.0":
  version "4.0.0"
  resolved "http://registry.npm.taobao.org/js-tokens/download/js-tokens-4.0.0.tgz#19203fb59991df98e3a287050d4647cdeaf32499"
  integrity sha1-GSA/tZmR35jjoocFDUZHzerzJJk=

loose-envify@^1.1.0, loose-envify@^1.4.0:
  version "1.4.0"
  resolved "http://registry.npm.taobao.org/loose-envify/download/loose-envify-1.4.0.tgz#71ee51fa7be4caec1a63839f7e682d8132d30caf"
  integrity sha1-ce5R+nvkyuwaY4OffmgtgTLTDK8=
  dependencies:
    js-tokens "^3.0.0 || ^4.0.0"

mitt@^1.1.3:
  version "1.1.3"
  resolved "http://registry.npm.taobao.org/mitt/download/mitt-1.1.3.tgz#528c506238a05dce11cd914a741ea2cc332da9b8"
  integrity sha1-UoxQYjigXc4RzZFKdB6izDMtqbg=

object-assign@^4.1.1:
  version "4.1.1"
  resolved "http://registry.npm.taobao.org/object-assign/download/object-assign-4.1.1.tgz?cache=0&other_urls=http%3A%2F%2Fregistry.npm.taobao.org%2Fobject-assign%2Fdownload%2Fobject-assign-4.1.1.tgz#2109adc7965887cfc05cbbd442cac8bfbb360863"
  integrity sha1-IQmtx5ZYh8/AXLvUQsrIv7s2CGM=

prop-types@^15.6.2, prop-types@^15.7.2:
  version "15.7.2"
  resolved "http://registry.npm.taobao.org/prop-types/download/prop-types-15.7.2.tgz?cache=0&other_urls=http%3A%2F%2Fregistry.npm.taobao.org%2Fprop-types%2Fdownload%2Fprop-types-15.7.2.tgz#52c41e75b8c87e72b9d9360e0206b99dcbffa6c5"
  integrity sha1-UsQedbjIfnK52TYOAga5ncv/psU=
  dependencies:
    loose-envify "^1.4.0"
    object-assign "^4.1.1"
    react-is "^16.8.1"

react-dom@^16.8.1:
  version "16.8.6"
  resolved "http://registry.npm.taobao.org/react-dom/download/react-dom-16.8.6.tgz#71d6303f631e8b0097f56165ef608f051ff6e10f"
  integrity sha1-cdYwP2MeiwCX9WFl72CPBR/24Q8=
  dependencies:
    loose-envify "^1.1.0"
    object-assign "^4.1.1"
    prop-types "^15.6.2"
    scheduler "^0.13.6"

react-is@^16.8.1:
  version "16.8.6"
  resolved "http://registry.npm.taobao.org/react-is/download/react-is-16.8.6.tgz#5bbc1e2d29141c9fbdfed456343fe2bc430a6a16"
  integrity sha1-W7weLSkUHJ+9/tRWND/ivEMKahY=

react@^16.8.1:
  version "16.8.6"
  resolved "http://registry.npm.taobao.org/react/download/react-16.8.6.tgz?cache=0&other_urls=http%3A%2F%2Fregistry.npm.taobao.org%2Freact%2Fdownload%2Freact-16.8.6.tgz#ad6c3a9614fd3a4e9ef51117f54d888da01f2bbe"
  integrity sha1-rWw6lhT9Ok6e9REX9U2IjaAfK74=
  dependencies:
    loose-envify "^1.1.0"
    object-assign "^4.1.1"
    prop-types "^15.6.2"
    scheduler "^0.13.6"

scheduler@^0.13.6:
  version "0.13.6"
  resolved "http://registry.npm.taobao.org/scheduler/download/scheduler-0.13.6.tgz#466a4ec332467b31a91b9bf74e5347072e4cd889"
  integrity sha1-RmpOwzJGezGpG5v3TlNHBy5M2Ik=
  dependencies:
    loose-envify "^1.1.0"
    object-assign "^4.1.1"
